
Microsoft Visual Studio Solution File, Format Version 12.00
# Visual Studio 15
VisualStudioVersion = 15.0.28307.645
MinimumVisualStudioVersion = 10.0.40219.1
Project("{FAE04EC0-301F-11D3-BF4B-00C04F79EFBC}") = "Sudoku", "Sudoku\Sudoku.csproj", "{8FAD58EE-EE3B-457D-9F2B-5940BA43EBEE}"
EndProject
Project("{FAE04EC0-301F-11D3-BF4B-00C04F79EFBC}") = "FormsUI", "FormsUI\FormsUI.csproj", "{030534D0-1AC4-4A66-8B35-5C60BFF04471}"
EndProject
Project("{FAE04EC0-301F-11D3-BF4B-00C04F79EFBC}") = "WpfUI", "WpfUI\WpfUI.csproj", "{6D9A97B6-2C91-4191-968D-A77B23A5A306}"
EndProject
Global
	GlobalSection(SolutionConfigurationPlatforms) = preSolution
		Debug|Any CPU = Debug|Any CPU
		Release|Any CPU = Release|Any CPU
	EndGlobalSection
	GlobalSection(ProjectConfigurationPlatforms) = postSolution
		{8FAD58EE-EE3B-457D-9F2B-5940BA43EBEE}.Debug|Any CPU.ActiveCfg = Debug|Any CPU
		{8FAD58EE-EE3B-457D-9F2B-5940BA43EBEE}.Debug|Any CPU.Build.0 = Debug|Any CPU
		{8FAD58EE-EE3B-457D-9F2B-5940BA43EBEE}.Release|Any CPU.ActiveCfg = Release|Any CPU
		{8FAD58EE-EE3B-457D-9F2B-5940BA43EBEE}.Release|Any CPU.Build.0 = Release|Any CPU
		{030534D0-1AC4-4A66-8B35-5C60BFF04471}.Debug|Any CPU.ActiveCfg = Debug|Any CPU
		{030534D0-1AC4-4A66-8B35-5C60BFF04471}.Debug|Any CPU.Build.0 = Debug|Any CPU
		{030534D0-1AC4-4A66-8B35-5C60BFF04471}.Release|Any CPU.ActiveCfg = Release|Any CPU
		{030534D0-1AC4-4A66-8B35-5C60BFF04471}.Release|Any CPU.Build.0 = Release|Any CPU
		{6D9A97B6-2C91-4191-968D-A77B23A5A306}.Debug|Any CPU.ActiveCfg = Debug|Any CPU
		{6D9A97B6-2C91-4191-968D-A77B23A5A306}.Debug|Any CPU.Build.0 = Debug|Any CPU
		{6D9A97B6-2C91-4191-968D-A77B23A5A306}.Release|Any CPU.ActiveCfg = Release|Any CPU
		{6D9A97B6-2C91-4191-968D-A77B23A5A306}.Release|Any CPU.Build.0 = Release|Any CPU
	EndGlobalSection
	GlobalSection(SolutionProperties) = preSolution
		HideSolutionNode = FALSE
	EndGlobalSection
	GlobalSection(ExtensibilityGlobals) = postSolution
		SolutionGuid = {5D73AA31-B3FE-42F9-AF7E-52E1469C3429}
	EndGlobalSection
EndGlobal
